
Microsoft Visual Studio Solution File, Format Version 12.00
# Visual Studio Version 17
VisualStudioVersion = 17.5.33627.172
MinimumVisualStudioVersion = 10.0.40219.1
Project("{FAE04EC0-301F-11D3-BF4B-00C04F79EFBC}") = "EmployeeWageDay8", "EmployeeWageDay8\EmployeeWageDay8.csproj", "{5E2D6383-E46A-4518-ABC2-A428D4731E5B}"
EndProject
Global
	GlobalSection(SolutionConfigurationPlatforms) = preSolution
		Debug|Any CPU = Debug|Any CPU
		Release|Any CPU = Release|Any CPU
	EndGlobalSection
	GlobalSection(ProjectConfigurationPlatforms) = postSolution
		{5E2D6383-E46A-4518-ABC2-A428D4731E5B}.Debug|Any CPU.ActiveCfg = Debug|Any CPU
		{5E2D6383-E46A-4518-ABC2-A428D4731E5B}.Debug|Any CPU.Build.0 = Debug|Any CPU
		{5E2D6383-E46A-4518-ABC2-A428D4731E5B}.Release|Any CPU.ActiveCfg = Release|Any CPU
		{5E2D6383-E46A-4518-ABC2-A428D4731E5B}.Release|Any CPU.Build.0 = Release|Any CPU
	EndGlobalSection
	GlobalSection(SolutionProperties) = preSolution
		HideSolutionNode = FALSE
	EndGlobalSection
	GlobalSection(ExtensibilityGlobals) = postSolution
		SolutionGuid = {2691448E-1616-46EE-B28E-79708860A902}
	EndGlobalSection
EndGlobal
